
Microsoft Visual Studio Solution File, Format Version 12.00
# Visual Studio 2013
VisualStudioVersion = 12.0.21005.1
MinimumVisualStudioVersion = 10.0.40219.1
Project("{FAE04EC0-301F-11D3-BF4B-00C04F79EFBC}") = "ServicosWCFTelecargo", "ServicosWCFTelecargo\ServicosWCFTelecargo.csproj", "{6EF4B1FC-411F-4CD8-8511-FD34C834BC57}"
EndProject
Project("{FAE04EC0-301F-11D3-BF4B-00C04F79EFBC}") = "Teste", "Teste\Teste.csproj", "{DC8180AA-629D-41B4-9339-D3A61CFB3922}"
	ProjectSection(ProjectDependencies) = postProject
		{6EF4B1FC-411F-4CD8-8511-FD34C834BC57} = {6EF4B1FC-411F-4CD8-8511-FD34C834BC57}
	EndProjectSection
EndProject
Global
	GlobalSection(SolutionConfigurationPlatforms) = preSolution
		Debug|Any CPU = Debug|Any CPU
		Release|Any CPU = Release|Any CPU
	EndGlobalSection
	GlobalSection(ProjectConfigurationPlatforms) = postSolution
		{6EF4B1FC-411F-4CD8-8511-FD34C834BC57}.Debug|Any CPU.ActiveCfg = Debug|Any CPU
		{6EF4B1FC-411F-4CD8-8511-FD34C834BC57}.Debug|Any CPU.Build.0 = Debug|Any CPU
		{6EF4B1FC-411F-4CD8-8511-FD34C834BC57}.Release|Any CPU.ActiveCfg = Release|Any CPU
		{6EF4B1FC-411F-4CD8-8511-FD34C834BC57}.Release|Any CPU.Build.0 = Release|Any CPU
		{DC8180AA-629D-41B4-9339-D3A61CFB3922}.Debug|Any CPU.ActiveCfg = Debug|Any CPU
		{DC8180AA-629D-41B4-9339-D3A61CFB3922}.Debug|Any CPU.Build.0 = Debug|Any CPU
		{DC8180AA-629D-41B4-9339-D3A61CFB3922}.Release|Any CPU.ActiveCfg = Release|Any CPU
		{DC8180AA-629D-41B4-9339-D3A61CFB3922}.Release|Any CPU.Build.0 = Release|Any CPU
	EndGlobalSection
	GlobalSection(SolutionProperties) = preSolution
		HideSolutionNode = FALSE
	EndGlobalSection
EndGlobal
